
Microsoft Visual Studio Solution File, Format Version 12.00
# Visual Studio 15
VisualStudioVersion = 15.0.28307.421
MinimumVisualStudioVersion = 10.0.40219.1
Project("{FAE04EC0-301F-11D3-BF4B-00C04F79EFBC}") = "address", "address\address.csproj", "{1FAA2277-34E6-4CBC-B0A5-F79996FAFBA8}"
EndProject
Project("{FAE04EC0-301F-11D3-BF4B-00C04F79EFBC}") = "apiAddress", "apiAddress\apiAddress.csproj", "{56561B9A-71A5-4ADD-A74C-8D1DC33CACBB}"
EndProject
Project("{FAE04EC0-301F-11D3-BF4B-00C04F79EFBC}") = "appAddress.Android", "appAddress\appAddress.Android\appAddress.Android.csproj", "{2E10009B-F171-49B2-8292-67A7DEF7573C}"
EndProject
Project("{FAE04EC0-301F-11D3-BF4B-00C04F79EFBC}") = "appAddress.iOS", "appAddress\appAddress.iOS\appAddress.iOS.csproj", "{EB3511C0-3173-45DD-B58D-695BA0C8E35B}"
EndProject
Project("{9A19103F-16F7-4668-BE54-9A1E7A4F7556}") = "appAddress", "appAddress\appAddress\appAddress.csproj", "{D72EF678-34C3-4CCF-B708-41651203ABD6}"
EndProject
Project("{FAE04EC0-301F-11D3-BF4B-00C04F79EFBC}") = "apiAddressSecurity", "apiAddressSecurity\apiAddressSecurity.csproj", "{D2D742FF-B14A-4F00-999B-22B15BB715C5}"
EndProject
Global
	GlobalSection(SolutionConfigurationPlatforms) = preSolution
		Ad-Hoc|Any CPU = Ad-Hoc|Any CPU
		Ad-Hoc|iPhone = Ad-Hoc|iPhone
		Ad-Hoc|iPhoneSimulator = Ad-Hoc|iPhoneSimulator
		AppStore|Any CPU = AppStore|Any CPU
		AppStore|iPhone = AppStore|iPhone
		AppStore|iPhoneSimulator = AppStore|iPhoneSimulator
		Debug|Any CPU = Debug|Any CPU
		Debug|iPhone = Debug|iPhone
		Debug|iPhoneSimulator = Debug|iPhoneSimulator
		Release|Any CPU = Release|Any CPU
		Release|iPhone = Release|iPhone
		Release|iPhoneSimulator = Release|iPhoneSimulator
	EndGlobalSection
	GlobalSection(ProjectConfigurationPlatforms) = postSolution
		{1FAA2277-34E6-4CBC-B0A5-F79996FAFBA8}.Ad-Hoc|Any CPU.ActiveCfg = Release|Any CPU
		{1FAA2277-34E6-4CBC-B0A5-F79996FAFBA8}.Ad-Hoc|Any CPU.Build.0 = Release|Any CPU
		{1FAA2277-34E6-4CBC-B0A5-F79996FAFBA8}.Ad-Hoc|iPhone.ActiveCfg = Release|Any CPU
		{1FAA2277-34E6-4CBC-B0A5-F79996FAFBA8}.Ad-Hoc|iPhone.Build.0 = Release|Any CPU
		{1FAA2277-34E6-4CBC-B0A5-F79996FAFBA8}.Ad-Hoc|iPhoneSimulator.ActiveCfg = Release|Any CPU
		{1FAA2277-34E6-4CBC-B0A5-F79996FAFBA8}.Ad-Hoc|iPhoneSimulator.Build.0 = Release|Any CPU
		{1FAA2277-34E6-4CBC-B0A5-F79996FAFBA8}.AppStore|Any CPU.ActiveCfg = Release|Any CPU
		{1FAA2277-34E6-4CBC-B0A5-F79996FAFBA8}.AppStore|Any CPU.Build.0 = Release|Any CPU
		{1FAA2277-34E6-4CBC-B0A5-F79996FAFBA8}.AppStore|iPhone.ActiveCfg = Release|Any CPU
		{1FAA2277-34E6-4CBC-B0A5-F79996FAFBA8}.AppStore|iPhone.Build.0 = Release|Any CPU
		{1FAA2277-34E6-4CBC-B0A5-F79996FAFBA8}.AppStore|iPhoneSimulator.ActiveCfg = Release|Any CPU
		{1FAA2277-34E6-4CBC-B0A5-F79996FAFBA8}.AppStore|iPhoneSimulator.Build.0 = Release|Any CPU
		{1FAA2277-34E6-4CBC-B0A5-F79996FAFBA8}.Debug|Any CPU.ActiveCfg = Debug|Any CPU
		{1FAA2277-34E6-4CBC-B0A5-F79996FAFBA8}.Debug|Any CPU.Build.0 = Debug|Any CPU
		{1FAA2277-34E6-4CBC-B0A5-F79996FAFBA8}.Debug|iPhone.ActiveCfg = Debug|Any CPU
		{1FAA2277-34E6-4CBC-B0A5-F79996FAFBA8}.Debug|iPhone.Build.0 = Debug|Any CPU
		{1FAA2277-34E6-4CBC-B0A5-F79996FAFBA8}.Debug|iPhoneSimulator.ActiveCfg = Debug|Any CPU
		{1FAA2277-34E6-4CBC-B0A5-F79996FAFBA8}.Debug|iPhoneSimulator.Build.0 = Debug|Any CPU
		{1FAA2277-34E6-4CBC-B0A5-F79996FAFBA8}.Release|Any CPU.ActiveCfg = Release|Any CPU
		{1FAA2277-34E6-4CBC-B0A5-F79996FAFBA8}.Release|Any CPU.Build.0 = Release|Any CPU
		{1FAA2277-34E6-4CBC-B0A5-F79996FAFBA8}.Release|iPhone.ActiveCfg = Release|Any CPU
		{1FAA2277-34E6-4CBC-B0A5-F79996FAFBA8}.Release|iPhone.Build.0 = Release|Any CPU
		{1FAA2277-34E6-4CBC-B0A5-F79996FAFBA8}.Release|iPhoneSimulator.ActiveCfg = Release|Any CPU
		{1FAA2277-34E6-4CBC-B0A5-F79996FAFBA8}.Release|iPhoneSimulator.Build.0 = Release|Any CPU
		{56561B9A-71A5-4ADD-A74C-8D1DC33CACBB}.Ad-Hoc|Any CPU.ActiveCfg = Release|Any CPU
		{56561B9A-71A5-4ADD-A74C-8D1DC33CACBB}.Ad-Hoc|Any CPU.Build.0 = Release|Any CPU
		{56561B9A-71A5-4ADD-A74C-8D1DC33CACBB}.Ad-Hoc|iPhone.ActiveCfg = Release|Any CPU
		{56561B9A-71A5-4ADD-A74C-8D1DC33CACBB}.Ad-Hoc|iPhone.Build.0 = Release|Any CPU
		{56561B9A-71A5-4ADD-A74C-8D1DC33CACBB}.Ad-Hoc|iPhoneSimulator.ActiveCfg = Release|Any CPU
		{56561B9A-71A5-4ADD-A74C-8D1DC33CACBB}.Ad-Hoc|iPhoneSimulator.Build.0 = Release|Any CPU
		{56561B9A-71A5-4ADD-A74C-8D1DC33CACBB}.AppStore|Any CPU.ActiveCfg = Release|Any CPU
		{56561B9A-71A5-4ADD-A74C-8D1DC33CACBB}.AppStore|Any CPU.Build.0 = Release|Any CPU
		{56561B9A-71A5-4ADD-A74C-8D1DC33CACBB}.AppStore|iPhone.ActiveCfg = Release|Any CPU
		{56561B9A-71A5-4ADD-A74C-8D1DC33CACBB}.AppStore|iPhone.Build.0 = Release|Any CPU
		{56561B9A-71A5-4ADD-A74C-8D1DC33CACBB}.AppStore|iPhoneSimulator.ActiveCfg = Release|Any CPU
		{56561B9A-71A5-4ADD-A74C-8D1DC33CACBB}.AppStore|iPhoneSimulator.Build.0 = Release|Any CPU
		{56561B9A-71A5-4ADD-A74C-8D1DC33CACBB}.Debug|Any CPU.ActiveCfg = Debug|Any CPU
		{56561B9A-71A5-4ADD-A74C-8D1DC33CACBB}.Debug|Any CPU.Build.0 = Debug|Any CPU
		{56561B9A-71A5-4ADD-A74C-8D1DC33CACBB}.Debug|iPhone.ActiveCfg = Debug|Any CPU
		{56561B9A-71A5-4ADD-A74C-8D1DC33CACBB}.Debug|iPhone.Build.0 = Debug|Any CPU
		{56561B9A-71A5-4ADD-A74C-8D1DC33CACBB}.Debug|iPhoneSimulator.ActiveCfg = Debug|Any CPU
		{56561B9A-71A5-4ADD-A74C-8D1DC33CACBB}.Debug|iPhoneSimulator.Build.0 = Debug|Any CPU
		{56561B9A-71A5-4ADD-A74C-8D1DC33CACBB}.Release|Any CPU.ActiveCfg = Release|Any CPU
		{56561B9A-71A5-4ADD-A74C-8D1DC33CACBB}.Release|Any CPU.Build.0 = Release|Any CPU
		{56561B9A-71A5-4ADD-A74C-8D1DC33CACBB}.Release|iPhone.ActiveCfg = Release|Any CPU
		{56561B9A-71A5-4ADD-A74C-8D1DC33CACBB}.Release|iPhone.Build.0 = Release|Any CPU
		{56561B9A-71A5-4ADD-A74C-8D1DC33CACBB}.Release|iPhoneSimulator.ActiveCfg = Release|Any CPU
		{56561B9A-71A5-4ADD-A74C-8D1DC33CACBB}.Release|iPhoneSimulator.Build.0 = Release|Any CPU
		{2E10009B-F171-49B2-8292-67A7DEF7573C}.Ad-Hoc|Any CPU.ActiveCfg = Release|Any CPU
		{2E10009B-F171-49B2-8292-67A7DEF7573C}.Ad-Hoc|Any CPU.Build.0 = Release|Any CPU
		{2E10009B-F171-49B2-8292-67A7DEF7573C}.Ad-Hoc|Any CPU.Deploy.0 = Release|Any CPU
		{2E10009B-F171-49B2-8292-67A7DEF7573C}.Ad-Hoc|iPhone.ActiveCfg = Release|Any CPU
		{2E10009B-F171-49B2-8292-67A7DEF7573C}.Ad-Hoc|iPhone.Build.0 = Release|Any CPU
		{2E10009B-F171-49B2-8292-67A7DEF7573C}.Ad-Hoc|iPhone.Deploy.0 = Release|Any CPU
		{2E10009B-F171-49B2-8292-67A7DEF7573C}.Ad-Hoc|iPhoneSimulator.ActiveCfg = Release|Any CPU
		{2E10009B-F171-49B2-8292-67A7DEF7573C}.Ad-Hoc|iPhoneSimulator.Build.0 = Release|Any CPU
		{2E10009B-F171-49B2-8292-67A7DEF7573C}.Ad-Hoc|iPhoneSimulator.Deploy.0 = Release|Any CPU
		{2E10009B-F171-49B2-8292-67A7DEF7573C}.AppStore|Any CPU.ActiveCfg = Release|Any CPU
		{2E10009B-F171-49B2-8292-67A7DEF7573C}.AppStore|Any CPU.Build.0 = Release|Any CPU
		{2E10009B-F171-49B2-8292-67A7DEF7573C}.AppStore|Any CPU.Deploy.0 = Release|Any CPU
		{2E10009B-F171-49B2-8292-67A7DEF7573C}.AppStore|iPhone.ActiveCfg = Release|Any CPU
		{2E10009B-F171-49B2-8292-67A7DEF7573C}.AppStore|iPhone.Build.0 = Release|Any CPU
		{2E10009B-F171-49B2-8292-67A7DEF7573C}.AppStore|iPhone.Deploy.0 = Release|Any CPU
		{2E10009B-F171-49B2-8292-67A7DEF7573C}.AppStore|iPhoneSimulator.ActiveCfg = Release|Any CPU
		{2E10009B-F171-49B2-8292-67A7DEF7573C}.AppStore|iPhoneSimulator.Build.0 = Release|Any CPU
		{2E10009B-F171-49B2-8292-67A7DEF7573C}.AppStore|iPhoneSimulator.Deploy.0 = Release|Any CPU
		{2E10009B-F171-49B2-8292-67A7DEF7573C}.Debug|Any CPU.ActiveCfg = Debug|Any CPU
		{2E10009B-F171-49B2-8292-67A7DEF7573C}.Debug|Any CPU.Build.0 = Debug|Any CPU
		{2E10009B-F171-49B2-8292-67A7DEF7573C}.Debug|Any CPU.Deploy.0 = Debug|Any CPU
		{2E10009B-F171-49B2-8292-67A7DEF7573C}.Debug|iPhone.ActiveCfg = Debug|Any CPU
		{2E10009B-F171-49B2-8292-67A7DEF7573C}.Debug|iPhone.Build.0 = Debug|Any CPU
		{2E10009B-F171-49B2-8292-67A7DEF7573C}.Debug|iPhone.Deploy.0 = Debug|Any CPU
		{2E10009B-F171-49B2-8292-67A7DEF7573C}.Debug|iPhoneSimulator.ActiveCfg = Debug|Any CPU
		{2E10009B-F171-49B2-8292-67A7DEF7573C}.Debug|iPhoneSimulator.Build.0 = Debug|Any CPU
		{2E10009B-F171-49B2-8292-67A7DEF7573C}.Debug|iPhoneSimulator.Deploy.0 = Debug|Any CPU
		{2E10009B-F171-49B2-8292-67A7DEF7573C}.Release|Any CPU.ActiveCfg = Release|Any CPU
		{2E10009B-F171-49B2-8292-67A7DEF7573C}.Release|Any CPU.Build.0 = Release|Any CPU
		{2E10009B-F171-49B2-8292-67A7DEF7573C}.Release|Any CPU.Deploy.0 = Release|Any CPU
		{2E10009B-F171-49B2-8292-67A7DEF7573C}.Release|iPhone.ActiveCfg = Release|Any CPU
		{2E10009B-F171-49B2-8292-67A7DEF7573C}.Release|iPhone.Build.0 = Release|Any CPU
		{2E10009B-F171-49B2-8292-67A7DEF7573C}.Release|iPhone.Deploy.0 = Release|Any CPU
		{2E10009B-F171-49B2-8292-67A7DEF7573C}.Release|iPhoneSimulator.ActiveCfg = Release|Any CPU
		{2E10009B-F171-49B2-8292-67A7DEF7573C}.Release|iPhoneSimulator.Build.0 = Release|Any CPU
		{2E10009B-F171-49B2-8292-67A7DEF7573C}.Release|iPhoneSimulator.Deploy.0 = Release|Any CPU
		{EB3511C0-3173-45DD-B58D-695BA0C8E35B}.Ad-Hoc|Any CPU.ActiveCfg = Ad-Hoc|iPhone
		{EB3511C0-3173-45DD-B58D-695BA0C8E35B}.Ad-Hoc|iPhone.ActiveCfg = Ad-Hoc|iPhone
		{EB3511C0-3173-45DD-B58D-695BA0C8E35B}.Ad-Hoc|iPhone.Build.0 = Ad-Hoc|iPhone
		{EB3511C0-3173-45DD-B58D-695BA0C8E35B}.Ad-Hoc|iPhoneSimulator.ActiveCfg = Ad-Hoc|iPhoneSimulator
		{EB3511C0-3173-45DD-B58D-695BA0C8E35B}.Ad-Hoc|iPhoneSimulator.Build.0 = Ad-Hoc|iPhoneSimulator
		{EB3511C0-3173-45DD-B58D-695BA0C8E35B}.AppStore|Any CPU.ActiveCfg = AppStore|iPhone
		{EB3511C0-3173-45DD-B58D-695BA0C8E35B}.AppStore|iPhone.ActiveCfg = AppStore|iPhone
		{EB3511C0-3173-45DD-B58D-695BA0C8E35B}.AppStore|iPhone.Build.0 = AppStore|iPhone
		{EB3511C0-3173-45DD-B58D-695BA0C8E35B}.AppStore|iPhoneSimulator.ActiveCfg = AppStore|iPhoneSimulator
		{EB3511C0-3173-45DD-B58D-695BA0C8E35B}.AppStore|iPhoneSimulator.Build.0 = AppStore|iPhoneSimulator
		{EB3511C0-3173-45DD-B58D-695BA0C8E35B}.Debug|Any CPU.ActiveCfg = Debug|iPhone
		{EB3511C0-3173-45DD-B58D-695BA0C8E35B}.Debug|iPhone.ActiveCfg = Debug|iPhone
		{EB3511C0-3173-45DD-B58D-695BA0C8E35B}.Debug|iPhone.Build.0 = Debug|iPhone
		{EB3511C0-3173-45DD-B58D-695BA0C8E35B}.Debug|iPhoneSimulator.ActiveCfg = Debug|iPhoneSimulator
		{EB3511C0-3173-45DD-B58D-695BA0C8E35B}.Debug|iPhoneSimulator.Build.0 = Debug|iPhoneSimulator
		{EB3511C0-3173-45DD-B58D-695BA0C8E35B}.Release|Any CPU.ActiveCfg = Release|iPhone
		{EB3511C0-3173-45DD-B58D-695BA0C8E35B}.Release|iPhone.ActiveCfg = Release|iPhone
		{EB3511C0-3173-45DD-B58D-695BA0C8E35B}.Release|iPhone.Build.0 = Release|iPhone
		{EB3511C0-3173-45DD-B58D-695BA0C8E35B}.Release|iPhoneSimulator.ActiveCfg = Release|iPhoneSimulator
		{EB3511C0-3173-45DD-B58D-695BA0C8E35B}.Release|iPhoneSimulator.Build.0 = Release|iPhoneSimulator
		{D72EF678-34C3-4CCF-B708-41651203ABD6}.Ad-Hoc|Any CPU.ActiveCfg = Debug|Any CPU
		{D72EF678-34C3-4CCF-B708-41651203ABD6}.Ad-Hoc|Any CPU.Build.0 = Debug|Any CPU
		{D72EF678-34C3-4CCF-B708-41651203ABD6}.Ad-Hoc|iPhone.ActiveCfg = Debug|Any CPU
		{D72EF678-34C3-4CCF-B708-41651203ABD6}.Ad-Hoc|iPhone.Build.0 = Debug|Any CPU
		{D72EF678-34C3-4CCF-B708-41651203ABD6}.Ad-Hoc|iPhoneSimulator.ActiveCfg = Debug|Any CPU
		{D72EF678-34C3-4CCF-B708-41651203ABD6}.Ad-Hoc|iPhoneSimulator.Build.0 = Debug|Any CPU
		{D72EF678-34C3-4CCF-B708-41651203ABD6}.AppStore|Any CPU.ActiveCfg = Debug|Any CPU
		{D72EF678-34C3-4CCF-B708-41651203ABD6}.AppStore|Any CPU.Build.0 = Debug|Any CPU
		{D72EF678-34C3-4CCF-B708-41651203ABD6}.AppStore|iPhone.ActiveCfg = Debug|Any CPU
		{D72EF678-34C3-4CCF-B708-41651203ABD6}.AppStore|iPhone.Build.0 = Debug|Any CPU
		{D72EF678-34C3-4CCF-B708-41651203ABD6}.AppStore|iPhoneSimulator.ActiveCfg = Debug|Any CPU
		{D72EF678-34C3-4CCF-B708-41651203ABD6}.AppStore|iPhoneSimulator.Build.0 = Debug|Any CPU
		{D72EF678-34C3-4CCF-B708-41651203ABD6}.Debug|Any CPU.ActiveCfg = Debug|Any CPU
		{D72EF678-34C3-4CCF-B708-41651203ABD6}.Debug|Any CPU.Build.0 = Debug|Any CPU
		{D72EF678-34C3-4CCF-B708-41651203ABD6}.Debug|iPhone.ActiveCfg = Debug|Any CPU
		{D72EF678-34C3-4CCF-B708-41651203ABD6}.Debug|iPhone.Build.0 = Debug|Any CPU
		{D72EF678-34C3-4CCF-B708-41651203ABD6}.Debug|iPhoneSimulator.ActiveCfg = Debug|Any CPU
		{D72EF678-34C3-4CCF-B708-41651203ABD6}.Debug|iPhoneSimulator.Build.0 = Debug|Any CPU
		{D72EF678-34C3-4CCF-B708-41651203ABD6}.Release|Any CPU.ActiveCfg = Release|Any CPU
		{D72EF678-34C3-4CCF-B708-41651203ABD6}.Release|Any CPU.Build.0 = Release|Any CPU
		{D72EF678-34C3-4CCF-B708-41651203ABD6}.Release|iPhone.ActiveCfg = Release|Any CPU
		{D72EF678-34C3-4CCF-B708-41651203ABD6}.Release|iPhone.Build.0 = Release|Any CPU
		{D72EF678-34C3-4CCF-B708-41651203ABD6}.Release|iPhoneSimulator.ActiveCfg = Release|Any CPU
		{D72EF678-34C3-4CCF-B708-41651203ABD6}.Release|iPhoneSimulator.Build.0 = Release|Any CPU
		{D2D742FF-B14A-4F00-999B-22B15BB715C5}.Ad-Hoc|Any CPU.ActiveCfg = Release|Any CPU
		{D2D742FF-B14A-4F00-999B-22B15BB715C5}.Ad-Hoc|Any CPU.Build.0 = Release|Any CPU
		{D2D742FF-B14A-4F00-999B-22B15BB715C5}.Ad-Hoc|iPhone.ActiveCfg = Release|Any CPU
		{D2D742FF-B14A-4F00-999B-22B15BB715C5}.Ad-Hoc|iPhone.Build.0 = Release|Any CPU
		{D2D742FF-B14A-4F00-999B-22B15BB715C5}.Ad-Hoc|iPhoneSimulator.ActiveCfg = Release|Any CPU
		{D2D742FF-B14A-4F00-999B-22B15BB715C5}.Ad-Hoc|iPhoneSimulator.Build.0 = Release|Any CPU
		{D2D742FF-B14A-4F00-999B-22B15BB715C5}.AppStore|Any CPU.ActiveCfg = Release|Any CPU
		{D2D742FF-B14A-4F00-999B-22B15BB715C5}.AppStore|Any CPU.Build.0 = Release|Any CPU
		{D2D742FF-B14A-4F00-999B-22B15BB715C5}.AppStore|iPhone.ActiveCfg = Release|Any CPU
		{D2D742FF-B14A-4F00-999B-22B15BB715C5}.AppStore|iPhone.Build.0 = Release|Any CPU
		{D2D742FF-B14A-4F00-999B-22B15BB715C5}.AppStore|iPhoneSimulator.ActiveCfg = Release|Any CPU
		{D2D742FF-B14A-4F00-999B-22B15BB715C5}.AppStore|iPhoneSimulator.Build.0 = Release|Any CPU
		{D2D742FF-B14A-4F00-999B-22B15BB715C5}.Debug|Any CPU.ActiveCfg = Debug|Any CPU
		{D2D742FF-B14A-4F00-999B-22B15BB715C5}.Debug|Any CPU.Build.0 = Debug|Any CPU
		{D2D742FF-B14A-4F00-999B-22B15BB715C5}.Debug|iPhone.ActiveCfg = Debug|Any CPU
		{D2D742FF-B14A-4F00-999B-22B15BB715C5}.Debug|iPhone.Build.0 = Debug|Any CPU
		{D2D742FF-B14A-4F00-999B-22B15BB715C5}.Debug|iPhoneSimulator.ActiveCfg = Debug|Any CPU
		{D2D742FF-B14A-4F00-999B-22B15BB715C5}.Debug|iPhoneSimulator.Build.0 = Debug|Any CPU
		{D2D742FF-B14A-4F00-999B-22B15BB715C5}.Release|Any CPU.ActiveCfg = Release|Any CPU
		{D2D742FF-B14A-4F00-999B-22B15BB715C5}.Release|Any CPU.Build.0 = Release|Any CPU
		{D2D742FF-B14A-4F00-999B-22B15BB715C5}.Release|iPhone.ActiveCfg = Release|Any CPU
		{D2D742FF-B14A-4F00-999B-22B15BB715C5}.Release|iPhone.Build.0 = Release|Any CPU
		{D2D742FF-B14A-4F00-999B-22B15BB715C5}.Release|iPhoneSimulator.ActiveCfg = Release|Any CPU
		{D2D742FF-B14A-4F00-999B-22B15BB715C5}.Release|iPhoneSimulator.Build.0 = Release|Any CPU
	EndGlobalSection
	GlobalSection(SolutionProperties) = preSolution
		HideSolutionNode = FALSE
	EndGlobalSection
	GlobalSection(ExtensibilityGlobals) = postSolution
		SolutionGuid = {18069D7D-517F-4384-8CC1-BB6EC14AB75A}
	EndGlobalSection
EndGlobal
